// !$*UTF8*$!
{
	archiveVersion = 1;
	classes = {
	};
	objectVersion = 46;
	objects = {

/* Begin PBXBuildFile section */
		0C1F8F7918F05D860018C405 /* QuartzCore.framework in Frameworks */ = {isa = PBXBuildFile; fileRef = 0C1F8F7818F05D860018C405 /* QuartzCore.framework */; };
		0C785D0918F114A60028813E /* BITDetailViewController.m in Sources */ = {isa = PBXBuildFile; fileRef = 0C785D0818F114A60028813E /* BITDetailViewController.m */; };
		0C8B67E718F06AEB006CCBFF /* BITCollectionViewCell.m in Sources */ = {isa = PBXBuildFile; fileRef = 0C8B67E618F06AEB006CCBFF /* BITCollectionViewCell.m */; };
		0CA065A218EFA9B0007DF659 /* Foundation.framework in Frameworks */ = {isa = PBXBuildFile; fileRef = 0CA065A118EFA9B0007DF659 /* Foundation.framework */; };
		0CA065A418EFA9B0007DF659 /* CoreGraphics.framework in Frameworks */ = {isa = PBXBuildFile; fileRef = 0CA065A318EFA9B0007DF659 /* CoreGraphics.framework */; };
		0CA065A618EFA9B0007DF659 /* UIKit.framework in Frameworks */ = {isa = PBXBuildFile; fileRef = 0CA065A518EFA9B0007DF659 /* UIKit.framework */; };
		0CA065AC18EFA9B0007DF659 /* InfoPlist.strings in Resources */ = {isa = PBXBuildFile; fileRef = 0CA065AA18EFA9B0007DF659 /* InfoPlist.strings */; };
		0CA065AE18EFA9B0007DF659 /* main.m in Sources */ = {isa = PBXBuildFile; fileRef = 0CA065AD18EFA9B0007DF659 /* main.m */; };
		0CA065B218EFA9B0007DF659 /* BITAppDelegate.m in Sources */ = {isa = PBXBuildFile; fileRef = 0CA065B118EFA9B0007DF659 /* BITAppDelegate.m */; };
		0CA065B418EFA9B0007DF659 /* Images.xcassets in Resources */ = {isa = PBXBuildFile; fileRef = 0CA065B318EFA9B0007DF659 /* Images.xcassets */; };
		0CA065BB18EFA9B0007DF659 /* XCTest.framework in Frameworks */ = {isa = PBXBuildFile; fileRef = 0CA065BA18EFA9B0007DF659 /* XCTest.framework */; };
		0CA065BC18EFA9B0007DF659 /* Foundation.framework in Frameworks */ = {isa = PBXBuildFile; fileRef = 0CA065A118EFA9B0007DF659 /* Foundation.framework */; };
		0CA065BD18EFA9B1007DF659 /* UIKit.framework in Frameworks */ = {isa = PBXBuildFile; fileRef = 0CA065A518EFA9B0007DF659 /* UIKit.framework */; };
		0CA065C518EFA9B1007DF659 /* InfoPlist.strings in Resources */ = {isa = PBXBuildFile; fileRef = 0CA065C318EFA9B1007DF659 /* InfoPlist.strings */; };
		0CA065C718EFA9B1007DF659 /* BitcampTests.m in Sources */ = {isa = PBXBuildFile; fileRef = 0CA065C618EFA9B1007DF659 /* BitcampTests.m */; };
		0CA5D52918EFA9FE00E2A62F /* Main.storyboard in Resources */ = {isa = PBXBuildFile; fileRef = 0CA5D52818EFA9FE00E2A62F /* Main.storyboard */; };
		0CA5D52F18EFACD200E2A62F /* BITSettingsViewController.m in Sources */ = {isa = PBXBuildFile; fileRef = 0CA5D52E18EFACD200E2A62F /* BITSettingsViewController.m */; };
		0CA5D53518EFB46500E2A62F /* BITDiscoveryViewController.m in Sources */ = {isa = PBXBuildFile; fileRef = 0CA5D53418EFB46500E2A62F /* BITDiscoveryViewController.m */; };
		0CA5D53818EFB67700E2A62F /* BITMainViewController.m in Sources */ = {isa = PBXBuildFile; fileRef = 0CA5D53718EFB67700E2A62F /* BITMainViewController.m */; };
		0CC0254918EFBF2400F87734 /* BITPerson.m in Sources */ = {isa = PBXBuildFile; fileRef = 0CC0254818EFBF2400F87734 /* BITPerson.m */; };
		0CC0254B18F0038C00F87734 /* CoreBluetooth.framework in Frameworks */ = {isa = PBXBuildFile; fileRef = 0CC0254A18F0038C00F87734 /* CoreBluetooth.framework */; };
		0CC0254D18F0039200F87734 /* CoreLocation.framework in Frameworks */ = {isa = PBXBuildFile; fileRef = 0CC0254C18F0039200F87734 /* CoreLocation.framework */; };
/* End PBXBuildFile section */

/* Begin PBXContainerItemProxy section */
		0CA065BE18EFA9B1007DF659 /* PBXContainerItemProxy */ = {
			isa = PBXContainerItemProxy;
			containerPortal = 0CA0659618EFA9B0007DF659 /* Project object */;
			proxyType = 1;
			remoteGlobalIDString = 0CA0659D18EFA9B0007DF659;
			remoteInfo = Bitcamp;
		};
/* End PBXContainerItemProxy section */

/* Begin PBXFileReference section */
		0C1F8F7818F05D860018C405 /* QuartzCore.framework */ = {isa = PBXFileReference; lastKnownFileType = wrapper.framework; name = QuartzCore.framework; path = System/Library/Frameworks/QuartzCore.framework; sourceTree = SDKROOT; };
		0C785D0718F114A60028813E /* BITDetailViewController.h */ = {isa = PBXFileReference; fileEncoding = 4; lastKnownFileType = sourcecode.c.h; path = BITDetailViewController.h; sourceTree = "<group>"; };
		0C785D0818F114A60028813E /* BITDetailViewController.m */ = {isa = PBXFileReference; fileEncoding = 4; lastKnownFileType = sourcecode.c.objc; path = BITDetailViewController.m; sourceTree = "<group>"; };
		0C8B67E518F06AEB006CCBFF /* BITCollectionViewCell.h */ = {isa = PBXFileReference; fileEncoding = 4; lastKnownFileType = sourcecode.c.h; path = BITCollectionViewCell.h; sourceTree = "<group>"; };
		0C8B67E618F06AEB006CCBFF /* BITCollectionViewCell.m */ = {isa = PBXFileReference; fileEncoding = 4; lastKnownFileType = sourcecode.c.objc; path = BITCollectionViewCell.m; sourceTree = "<group>"; };
		0CA0659E18EFA9B0007DF659 /* Bitcamp.app */ = {isa = PBXFileReference; explicitFileType = wrapper.application; includeInIndex = 0; path = Bitcamp.app; sourceTree = BUILT_PRODUCTS_DIR; };
		0CA065A118EFA9B0007DF659 /* Foundation.framework */ = {isa = PBXFileReference; lastKnownFileType = wrapper.framework; name = Foundation.framework; path = System/Library/Frameworks/Foundation.framework; sourceTree = SDKROOT; };
		0CA065A318EFA9B0007DF659 /* CoreGraphics.framework */ = {isa = PBXFileReference; lastKnownFileType = wrapper.framework; name = CoreGraphics.framework; path = System/Library/Frameworks/CoreGraphics.framework; sourceTree = SDKROOT; };
		0CA065A518EFA9B0007DF659 /* UIKit.framework */ = {isa = PBXFileReference; lastKnownFileType = wrapper.framework; name = UIKit.framework; path = System/Library/Frameworks/UIKit.framework; sourceTree = SDKROOT; };
		0CA065A918EFA9B0007DF659 /* Bitcamp-Info.plist */ = {isa = PBXFileReference; lastKnownFileType = text.plist.xml; path = "Bitcamp-Info.plist"; sourceTree = "<group>"; };
		0CA065AB18EFA9B0007DF659 /* en */ = {isa = PBXFileReference; lastKnownFileType = text.plist.strings; name = en; path = en.lproj/InfoPlist.strings; sourceTree = "<group>"; };
		0CA065AD18EFA9B0007DF659 /* main.m */ = {isa = PBXFileReference; lastKnownFileType = sourcecode.c.objc; path = main.m; sourceTree = "<group>"; };
		0CA065AF18EFA9B0007DF659 /* Bitcamp-Prefix.pch */ = {isa = PBXFileReference; lastKnownFileType = sourcecode.c.h; path = "Bitcamp-Prefix.pch"; sourceTree = "<group>"; };
		0CA065B018EFA9B0007DF659 /* BITAppDelegate.h */ = {isa = PBXFileReference; lastKnownFileType = sourcecode.c.h; path = BITAppDelegate.h; sourceTree = "<group>"; };
		0CA065B118EFA9B0007DF659 /* BITAppDelegate.m */ = {isa = PBXFileReference; lastKnownFileType = sourcecode.c.objc; path = BITAppDelegate.m; sourceTree = "<group>"; };
		0CA065B318EFA9B0007DF659 /* Images.xcassets */ = {isa = PBXFileReference; lastKnownFileType = folder.assetcatalog; path = Images.xcassets; sourceTree = "<group>"; };
		0CA065B918EFA9B0007DF659 /* BitcampTests.xctest */ = {isa = PBXFileReference; explicitFileType = wrapper.cfbundle; includeInIndex = 0; path = BitcampTests.xctest; sourceTree = BUILT_PRODUCTS_DIR; };
		0CA065BA18EFA9B0007DF659 /* XCTest.framework */ = {isa = PBXFileReference; lastKnownFileType = wrapper.framework; name = XCTest.framework; path = Library/Frameworks/XCTest.framework; sourceTree = DEVELOPER_DIR; };
		0CA065C218EFA9B1007DF659 /* BitcampTests-Info.plist */ = {isa = PBXFileReference; lastKnownFileType = text.plist.xml; path = "BitcampTests-Info.plist"; sourceTree = "<group>"; };
		0CA065C418EFA9B1007DF659 /* en */ = {isa = PBXFileReference; lastKnownFileType = text.plist.strings; name = en; path = en.lproj/InfoPlist.strings; sourceTree = "<group>"; };
		0CA065C618EFA9B1007DF659 /* BitcampTests.m */ = {isa = PBXFileReference; lastKnownFileType = sourcecode.c.objc; path = BitcampTests.m; sourceTree = "<group>"; };
		0CA5D52818EFA9FE00E2A62F /* Main.storyboard */ = {isa = PBXFileReference; fileEncoding = 4; lastKnownFileType = file.storyboard; path = Main.storyboard; sourceTree = "<group>"; };
		0CA5D52D18EFACD200E2A62F /* BITSettingsViewController.h */ = {isa = PBXFileReference; fileEncoding = 4; lastKnownFileType = sourcecode.c.h; path = BITSettingsViewController.h; sourceTree = "<group>"; };
		0CA5D52E18EFACD200E2A62F /* BITSettingsViewController.m */ = {isa = PBXFileReference; fileEncoding = 4; lastKnownFileType = sourcecode.c.objc; path = BITSettingsViewController.m; sourceTree = "<group>"; };
		0CA5D53318EFB46500E2A62F /* BITDiscoveryViewController.h */ = {isa = PBXFileReference; fileEncoding = 4; lastKnownFileType = sourcecode.c.h; path = BITDiscoveryViewController.h; sourceTree = "<group>"; };
		0CA5D53418EFB46500E2A62F /* BITDiscoveryViewController.m */ = {isa = PBXFileReference; fileEncoding = 4; lastKnownFileType = sourcecode.c.objc; path = BITDiscoveryViewController.m; sourceTree = "<group>"; };
		0CA5D53618EFB67700E2A62F /* BITMainViewController.h */ = {isa = PBXFileReference; fileEncoding = 4; lastKnownFileType = sourcecode.c.h; path = BITMainViewController.h; sourceTree = "<group>"; };
		0CA5D53718EFB67700E2A62F /* BITMainViewController.m */ = {isa = PBXFileReference; fileEncoding = 4; lastKnownFileType = sourcecode.c.objc; path = BITMainViewController.m; sourceTree = "<group>"; };
		0CC0254718EFBF2400F87734 /* BITPerson.h */ = {isa = PBXFileReference; fileEncoding = 4; lastKnownFileType = sourcecode.c.h; path = BITPerson.h; sourceTree = "<group>"; };
		0CC0254818EFBF2400F87734 /* BITPerson.m */ = {isa = PBXFileReference; fileEncoding = 4; lastKnownFileType = sourcecode.c.objc; path = BITPerson.m; sourceTree = "<group>"; };
		0CC0254A18F0038C00F87734 /* CoreBluetooth.framework */ = {isa = PBXFileReference; lastKnownFileType = wrapper.framework; name = CoreBluetooth.framework; path = System/Library/Frameworks/CoreBluetooth.framework; sourceTree = SDKROOT; };
		0CC0254C18F0039200F87734 /* CoreLocation.framework */ = {isa = PBXFileReference; lastKnownFileType = wrapper.framework; name = CoreLocation.framework; path = System/Library/Frameworks/CoreLocation.framework; sourceTree = SDKROOT; };
/* End PBXFileReference section */

/* Begin PBXFrameworksBuildPhase section */
		0CA0659B18EFA9B0007DF659 /* Frameworks */ = {
			isa = PBXFrameworksBuildPhase;
			buildActionMask = 2147483647;
			files = (
				0C1F8F7918F05D860018C405 /* QuartzCore.framework in Frameworks */,
				0CC0254D18F0039200F87734 /* CoreLocation.framework in Frameworks */,
				0CC0254B18F0038C00F87734 /* CoreBluetooth.framework in Frameworks */,
				0CA065A418EFA9B0007DF659 /* CoreGraphics.framework in Frameworks */,
				0CA065A618EFA9B0007DF659 /* UIKit.framework in Frameworks */,
				0CA065A218EFA9B0007DF659 /* Foundation.framework in Frameworks */,
			);
			runOnlyForDeploymentPostprocessing = 0;
		};
		0CA065B618EFA9B0007DF659 /* Frameworks */ = {
			isa = PBXFrameworksBuildPhase;
			buildActionMask = 2147483647;
			files = (
				0CA065BB18EFA9B0007DF659 /* XCTest.framework in Frameworks */,
				0CA065BD18EFA9B1007DF659 /* UIKit.framework in Frameworks */,
				0CA065BC18EFA9B0007DF659 /* Foundation.framework in Frameworks */,
			);
			runOnlyForDeploymentPostprocessing = 0;
		};
/* End PBXFrameworksBuildPhase section */

/* Begin PBXGroup section */
		0CA0659518EFA9B0007DF659 = {
			isa = PBXGroup;
			children = (
				0CA065A718EFA9B0007DF659 /* Bitcamp */,
				0CA065C018EFA9B1007DF659 /* BitcampTests */,
				0CA065A018EFA9B0007DF659 /* Frameworks */,
				0CA0659F18EFA9B0007DF659 /* Products */,
			);
			sourceTree = "<group>";
		};
		0CA0659F18EFA9B0007DF659 /* Products */ = {
			isa = PBXGroup;
			children = (
				0CA0659E18EFA9B0007DF659 /* Bitcamp.app */,
				0CA065B918EFA9B0007DF659 /* BitcampTests.xctest */,
			);
			name = Products;
			sourceTree = "<group>";
		};
		0CA065A018EFA9B0007DF659 /* Frameworks */ = {
			isa = PBXGroup;
			children = (
				0C1F8F7818F05D860018C405 /* QuartzCore.framework */,
				0CC0254C18F0039200F87734 /* CoreLocation.framework */,
				0CC0254A18F0038C00F87734 /* CoreBluetooth.framework */,
				0CA065A118EFA9B0007DF659 /* Foundation.framework */,
				0CA065A318EFA9B0007DF659 /* CoreGraphics.framework */,
				0CA065A518EFA9B0007DF659 /* UIKit.framework */,
				0CA065BA18EFA9B0007DF659 /* XCTest.framework */,
			);
			name = Frameworks;
			sourceTree = "<group>";
		};
		0CA065A718EFA9B0007DF659 /* Bitcamp */ = {
			isa = PBXGroup;
			children = (
				0CA065B018EFA9B0007DF659 /* BITAppDelegate.h */,
				0CA065B118EFA9B0007DF659 /* BITAppDelegate.m */,
				0CA5D52818EFA9FE00E2A62F /* Main.storyboard */,
				0C785D0718F114A60028813E /* BITDetailViewController.h */,
				0C785D0818F114A60028813E /* BITDetailViewController.m */,
				0C8B67E518F06AEB006CCBFF /* BITCollectionViewCell.h */,
				0C8B67E618F06AEB006CCBFF /* BITCollectionViewCell.m */,
				0CA5D53618EFB67700E2A62F /* BITMainViewController.h */,
				0CA5D53718EFB67700E2A62F /* BITMainViewController.m */,
				0CC0254718EFBF2400F87734 /* BITPerson.h */,
				0CC0254818EFBF2400F87734 /* BITPerson.m */,
				0CA5D53318EFB46500E2A62F /* BITDiscoveryViewController.h */,
				0CA5D53418EFB46500E2A62F /* BITDiscoveryViewController.m */,
				0CA5D52D18EFACD200E2A62F /* BITSettingsViewController.h */,
				0CA5D52E18EFACD200E2A62F /* BITSettingsViewController.m */,
				0CA065B318EFA9B0007DF659 /* Images.xcassets */,
				0CA065A818EFA9B0007DF659 /* Supporting Files */,
			);
			path = Bitcamp;
			sourceTree = "<group>";
		};
		0CA065A818EFA9B0007DF659 /* Supporting Files */ = {
			isa = PBXGroup;
			children = (
				0CA065A918EFA9B0007DF659 /* Bitcamp-Info.plist */,
				0CA065AA18EFA9B0007DF659 /* InfoPlist.strings */,
				0CA065AD18EFA9B0007DF659 /* main.m */,
				0CA065AF18EFA9B0007DF659 /* Bitcamp-Prefix.pch */,
			);
			name = "Supporting Files";
			sourceTree = "<group>";
		};
		0CA065C018EFA9B1007DF659 /* BitcampTests */ = {
			isa = PBXGroup;
			children = (
				0CA065C618EFA9B1007DF659 /* BitcampTests.m */,
				0CA065C118EFA9B1007DF659 /* Supporting Files */,
			);
			path = BitcampTests;
			sourceTree = "<group>";
		};
		0CA065C118EFA9B1007DF659 /* Supporting Files */ = {
			isa = PBXGroup;
			children = (
				0CA065C218EFA9B1007DF659 /* BitcampTests-Info.plist */,
				0CA065C318EFA9B1007DF659 /* InfoPlist.strings */,
			);
			name = "Supporting Files";
			sourceTree = "<group>";
		};
/* End PBXGroup section */

/* Begin PBXNativeTarget section */
		0CA0659D18EFA9B0007DF659 /* Bitcamp */ = {
			isa = PBXNativeTarget;
			buildConfigurationList = 0CA065CA18EFA9B1007DF659 /* Build configuration list for PBXNativeTarget "Bitcamp" */;
			buildPhases = (
				0CA0659A18EFA9B0007DF659 /* Sources */,
				0CA0659B18EFA9B0007DF659 /* Frameworks */,
				0CA0659C18EFA9B0007DF659 /* Resources */,
			);
			buildRules = (
			);
			dependencies = (
			);
			name = Bitcamp;
			productName = Bitcamp;
			productReference = 0CA0659E18EFA9B0007DF659 /* Bitcamp.app */;
			productType = "com.apple.product-type.application";
		};
		0CA065B818EFA9B0007DF659 /* BitcampTests */ = {
			isa = PBXNativeTarget;
			buildConfigurationList = 0CA065CD18EFA9B1007DF659 /* Build configuration list for PBXNativeTarget "BitcampTests" */;
			buildPhases = (
				0CA065B518EFA9B0007DF659 /* Sources */,
				0CA065B618EFA9B0007DF659 /* Frameworks */,
				0CA065B718EFA9B0007DF659 /* Resources */,
			);
			buildRules = (
			);
			dependencies = (
				0CA065BF18EFA9B1007DF659 /* PBXTargetDependency */,
			);
			name = BitcampTests;
			productName = BitcampTests;
			productReference = 0CA065B918EFA9B0007DF659 /* BitcampTests.xctest */;
			productType = "com.apple.product-type.bundle.unit-test";
		};
/* End PBXNativeTarget section */

/* Begin PBXProject section */
		0CA0659618EFA9B0007DF659 /* Project object */ = {
			isa = PBXProject;
			attributes = {
				CLASSPREFIX = BIT;
				LastUpgradeCheck = 0510;
				ORGANIZATIONNAME = "Yasyf Mohamedali";
				TargetAttributes = {
					0CA065B818EFA9B0007DF659 = {
						TestTargetID = 0CA0659D18EFA9B0007DF659;
					};
				};
			};
			buildConfigurationList = 0CA0659918EFA9B0007DF659 /* Build configuration list for PBXProject "Bitcamp" */;
			compatibilityVersion = "Xcode 3.2";
			developmentRegion = English;
			hasScannedForEncodings = 0;
			knownRegions = (
				en,
			);
			mainGroup = 0CA0659518EFA9B0007DF659;
			productRefGroup = 0CA0659F18EFA9B0007DF659 /* Products */;
			projectDirPath = "";
			projectRoot = "";
			targets = (
				0CA0659D18EFA9B0007DF659 /* Bitcamp */,
				0CA065B818EFA9B0007DF659 /* BitcampTests */,
			);
		};
/* End PBXProject section */

/* Begin PBXResourcesBuildPhase section */
		0CA0659C18EFA9B0007DF659 /* Resources */ = {
			isa = PBXResourcesBuildPhase;
			buildActionMask = 2147483647;
			files = (
				0CA5D52918EFA9FE00E2A62F /* Main.storyboard in Resources */,
				0CA065AC18EFA9B0007DF659 /* InfoPlist.strings in Resources */,
				0CA065B418EFA9B0007DF659 /* Images.xcassets in Resources */,
			);
			runOnlyForDeploymentPostprocessing = 0;
		};
		0CA065B718EFA9B0007DF659 /* Resources */ = {
			isa = PBXResourcesBuildPhase;
			buildActionMask = 2147483647;
			files = (
				0CA065C518EFA9B1007DF659 /* InfoPlist.strings in Resources */,
			);
			runOnlyForDeploymentPostprocessing = 0;
		};
/* End PBXResourcesBuildPhase section */

/* Begin PBXSourcesBuildPhase section */
		0CA0659A18EFA9B0007DF659 /* Sources */ = {
			isa = PBXSourcesBuildPhase;
			buildActionMask = 2147483647;
			files = (
				0CA5D52F18EFACD200E2A62F /* BITSettingsViewController.m in Sources */,
				0CA5D53818EFB67700E2A62F /* BITMainViewController.m in Sources */,
				0C785D0918F114A60028813E /* BITDetailViewController.m in Sources */,
				0CA065B218EFA9B0007DF659 /* BITAppDelegate.m in Sources */,
				0CA065AE18EFA9B0007DF659 /* main.m in Sources */,
				0CC0254918EFBF2400F87734 /* BITPerson.m in Sources */,
				0CA5D53518EFB46500E2A62F /* BITDiscoveryViewController.m in Sources */,
				0C8B67E718F06AEB006CCBFF /* BITCollectionViewCell.m in Sources */,
			);
			runOnlyForDeploymentPostprocessing = 0;
		};
		0CA065B518EFA9B0007DF659 /* Sources */ = {
			isa = PBXSourcesBuildPhase;
			buildActionMask = 2147483647;
			files = (
				0CA065C718EFA9B1007DF659 /* BitcampTests.m in Sources */,
			);
			runOnlyForDeploymentPostprocessing = 0;
		};
/* End PBXSourcesBuildPhase section */

/* Begin PBXTargetDependency section */
		0CA065BF18EFA9B1007DF659 /* PBXTargetDependency */ = {
			isa = PBXTargetDependency;
			target = 0CA0659D18EFA9B0007DF659 /* Bitcamp */;
			targetProxy = 0CA065BE18EFA9B1007DF659 /* PBXContainerItemProxy */;
		};
/* End PBXTargetDependency section */

/* Begin PBXVariantGroup section */
		0CA065AA18EFA9B0007DF659 /* InfoPlist.strings */ = {
			isa = PBXVariantGroup;
			children = (
				0CA065AB18EFA9B0007DF659 /* en */,
			);
			name = InfoPlist.strings;
			sourceTree = "<group>";
		};
		0CA065C318EFA9B1007DF659 /* InfoPlist.strings */ = {
			isa = PBXVariantGroup;
			children = (
				0CA065C418EFA9B1007DF659 /* en */,
			);
			name = InfoPlist.strings;
			sourceTree = "<group>";
		};
/* End PBXVariantGroup section */

/* Begin XCBuildConfiguration section */
		0CA065C818EFA9B1007DF659 /* Debug */ = {
			isa = XCBuildConfiguration;
			buildSettings = {
				ALWAYS_SEARCH_USER_PATHS = NO;
				CLANG_CXX_LANGUAGE_STANDARD = "gnu++0x";
				CLANG_CXX_LIBRARY = "libc++";
				CLANG_ENABLE_MODULES = YES;
				CLANG_ENABLE_OBJC_ARC = YES;
				CLANG_WARN_BOOL_CONVERSION = YES;
				CLANG_WARN_CONSTANT_CONVERSION = YES;
				CLANG_WARN_DIRECT_OBJC_ISA_USAGE = YES_ERROR;
				CLANG_WARN_EMPTY_BODY = YES;
				CLANG_WARN_ENUM_CONVERSION = YES;
				CLANG_WARN_INT_CONVERSION = YES;
				CLANG_WARN_OBJC_ROOT_CLASS = YES_ERROR;
				CLANG_WARN__DUPLICATE_METHOD_MATCH = YES;
				"CODE_SIGN_IDENTITY[sdk=iphoneos*]" = "iPhone Developer";
				COPY_PHASE_STRIP = NO;
				GCC_C_LANGUAGE_STANDARD = gnu99;
				GCC_DYNAMIC_NO_PIC = NO;
				GCC_OPTIMIZATION_LEVEL = 0;
				GCC_PREPROCESSOR_DEFINITIONS = (
					"DEBUG=1",
					"$(inherited)",
				);
				GCC_SYMBOLS_PRIVATE_EXTERN = NO;
				GCC_WARN_64_TO_32_BIT_CONVERSION = YES;
				GCC_WARN_ABOUT_RETURN_TYPE = YES_ERROR;
				GCC_WARN_UNDECLARED_SELECTOR = YES;
				GCC_WARN_UNINITIALIZED_AUTOS = YES_AGGRESSIVE;
				GCC_WARN_UNUSED_FUNCTION = YES;
				GCC_WARN_UNUSED_VARIABLE = YES;
				IPHONEOS_DEPLOYMENT_TARGET = 7.1;
				ONLY_ACTIVE_ARCH = YES;
				SDKROOT = iphoneos;
			};
			name = Debug;
		};
		0CA065C918EFA9B1007DF659 /* Release */ = {
			isa = XCBuildConfiguration;
			buildSettings = {
				ALWAYS_SEARCH_USER_PATHS = NO;
				CLANG_CXX_LANGUAGE_STANDARD = "gnu++0x";
				CLANG_CXX_LIBRARY = "libc++";
				CLANG_ENABLE_MODULES = YES;
				CLANG_ENABLE_OBJC_ARC = YES;
				CLANG_WARN_BOOL_CONVERSION = YES;
				CLANG_WARN_CONSTANT_CONVERSION = YES;
				CLANG_WARN_DIRECT_OBJC_ISA_USAGE = YES_ERROR;
				CLANG_WARN_EMPTY_BODY = YES;
				CLANG_WARN_ENUM_CONVERSION = YES;
				CLANG_WARN_INT_CONVERSION = YES;
				CLANG_WARN_OBJC_ROOT_CLASS = YES_ERROR;
				CLANG_WARN__DUPLICATE_METHOD_MATCH = YES;
				"CODE_SIGN_IDENTITY[sdk=iphoneos*]" = "iPhone Developer";
				COPY_PHASE_STRIP = YES;
				ENABLE_NS_ASSERTIONS = NO;
				GCC_C_LANGUAGE_STANDARD = gnu99;
				GCC_WARN_64_TO_32_BIT_CONVERSION = YES;
				GCC_WARN_ABOUT_RETURN_TYPE = YES_ERROR;
				GCC_WARN_UNDECLARED_SELECTOR = YES;
				GCC_WARN_UNINITIALIZED_AUTOS = YES_AGGRESSIVE;
				GCC_WARN_UNUSED_FUNCTION = YES;
				GCC_WARN_UNUSED_VARIABLE = YES;
				IPHONEOS_DEPLOYMENT_TARGET = 7.1;
				SDKROOT = iphoneos;
				VALIDATE_PRODUCT = YES;
			};
			name = Release;
		};
		0CA065CB18EFA9B1007DF659 /* Debug */ = {
			isa = XCBuildConfiguration;
			buildSettings = {
				ASSETCATALOG_COMPILER_APPICON_NAME = AppIcon;
				ASSETCATALOG_COMPILER_LAUNCHIMAGE_NAME = LaunchImage;
				GCC_PRECOMPILE_PREFIX_HEADER = YES;
				GCC_PREFIX_HEADER = "Bitcamp/Bitcamp-Prefix.pch";
				INFOPLIST_FILE = "Bitcamp/Bitcamp-Info.plist";
				PRODUCT_NAME = "$(TARGET_NAME)";
				WRAPPER_EXTENSION = app;
			};
			name = Debug;
		};
		0CA065CC18EFA9B1007DF659 /* Release */ = {
			isa = XCBuildConfiguration;
			buildSettings = {
				ASSETCATALOG_COMPILER_APPICON_NAME = AppIcon;
				ASSETCATALOG_COMPILER_LAUNCHIMAGE_NAME = LaunchImage;
				GCC_PRECOMPILE_PREFIX_HEADER = YES;
				GCC_PREFIX_HEADER = "Bitcamp/Bitcamp-Prefix.pch";
				INFOPLIST_FILE = "Bitcamp/Bitcamp-Info.plist";
				PRODUCT_NAME = "$(TARGET_NAME)";
				WRAPPER_EXTENSION = app;
			};
			name = Release;
		};
		0CA065CE18EFA9B1007DF659 /* Debug */ = {
			isa = XCBuildConfiguration;
			buildSettings = {
				BUNDLE_LOADER = "$(BUILT_PRODUCTS_DIR)/Bitcamp.app/Bitcamp";
				FRAMEWORK_SEARCH_PATHS = (
					"$(SDKROOT)/Developer/Library/Frameworks",
					"$(inherited)",
					"$(DEVELOPER_FRAMEWORKS_DIR)",
				);
				GCC_PRECOMPILE_PREFIX_HEADER = YES;
				GCC_PREFIX_HEADER = "Bitcamp/Bitcamp-Prefix.pch";
				GCC_PREPROCESSOR_DEFINITIONS = (
					"DEBUG=1",
					"$(inherited)",
				);
				INFOPLIST_FILE = "BitcampTests/BitcampTests-Info.plist";
				PRODUCT_NAME = "$(TARGET_NAME)";
				TEST_HOST = "$(BUNDLE_LOADER)";
				WRAPPER_EXTENSION = xctest;
			};
			name = Debug;
		};
		0CA065CF18EFA9B1007DF659 /* Release */ = {
			isa = XCBuildConfiguration;
			buildSettings = {
				BUNDLE_LOADER = "$(BUILT_PRODUCTS_DIR)/Bitcamp.app/Bitcamp";
				FRAMEWORK_SEARCH_PATHS = (
					"$(SDKROOT)/Developer/Library/Frameworks",
					"$(inherited)",
					"$(DEVELOPER_FRAMEWORKS_DIR)",
				);
				GCC_PRECOMPILE_PREFIX_HEADER = YES;
				GCC_PREFIX_HEADER = "Bitcamp/Bitcamp-Prefix.pch";
				INFOPLIST_FILE = "BitcampTests/BitcampTests-Info.plist";
				PRODUCT_NAME = "$(TARGET_NAME)";
				TEST_HOST = "$(BUNDLE_LOADER)";
				WRAPPER_EXTENSION = xctest;
			};
			name = Release;
		};
/* End XCBuildConfiguration section */

/* Begin XCConfigurationList section */
		0CA0659918EFA9B0007DF659 /* Build configuration list for PBXProject "Bitcamp" */ = {
			isa = XCConfigurationList;
			buildConfigurations = (
				0CA065C818EFA9B1007DF659 /* Debug */,
				0CA065C918EFA9B1007DF659 /* Release */,
			);
			defaultConfigurationIsVisible = 0;
			defaultConfigurationName = Release;
		};
		0CA065CA18EFA9B1007DF659 /* Build configuration list for PBXNativeTarget "Bitcamp" */ = {
			isa = XCConfigurationList;
			buildConfigurations = (
				0CA065CB18EFA9B1007DF659 /* Debug */,
				0CA065CC18EFA9B1007DF659 /* Release */,
			);
			defaultConfigurationIsVisible = 0;
			defaultConfigurationName = Release;
		};
		0CA065CD18EFA9B1007DF659 /* Build configuration list for PBXNativeTarget "BitcampTests" */ = {
			isa = XCConfigurationList;
			buildConfigurations = (
				0CA065CE18EFA9B1007DF659 /* Debug */,
				0CA065CF18EFA9B1007DF659 /* Release */,
			);
			defaultConfigurationIsVisible = 0;
			defaultConfigurationName = Release;
		};
/* End XCConfigurationList section */
	};
	rootObject = 0CA0659618EFA9B0007DF659 /* Project object */;
}
